
Microsoft Visual Studio Solution File, Format Version 12.00
# Visual Studio Version 16
VisualStudioVersion = 16.0.29306.81
MinimumVisualStudioVersion = 10.0.40219.1
Project("{FAE04EC0-301F-11D3-BF4B-00C04F79EFBC}") = "AutomatedApi.ModelTemplate", "AutomatedApi.ModelTemplate\AutomatedApi.ModelTemplate.csproj", "{8439BDED-4DA5-4461-B5AB-387AC67A760C}"
EndProject
Global
	GlobalSection(SolutionConfigurationPlatforms) = preSolution
		Debug|Any CPU = Debug|Any CPU
		Release|Any CPU = Release|Any CPU
	EndGlobalSection
	GlobalSection(ProjectConfigurationPlatforms) = postSolution
		{8439BDED-4DA5-4461-B5AB-387AC67A760C}.Debug|Any CPU.ActiveCfg = Debug|Any CPU
		{8439BDED-4DA5-4461-B5AB-387AC67A760C}.Debug|Any CPU.Build.0 = Debug|Any CPU
		{8439BDED-4DA5-4461-B5AB-387AC67A760C}.Release|Any CPU.ActiveCfg = Release|Any CPU
		{8439BDED-4DA5-4461-B5AB-387AC67A760C}.Release|Any CPU.Build.0 = Release|Any CPU
	EndGlobalSection
	GlobalSection(SolutionProperties) = preSolution
		HideSolutionNode = FALSE
	EndGlobalSection
	GlobalSection(ExtensibilityGlobals) = postSolution
		SolutionGuid = {E08C59AF-679C-4F86-B6B0-543F380202AE}
	EndGlobalSection
EndGlobal
